{
  "nodes": {
    "arch-support": {
      "inputs": {
        "cpu-architectures": "cpu-architectures"
      },
      "locked": {
        "lastModified": 1701517654,
        "narHash": "sha256-HfL3+HrBfY8A7nAXf+oKofaR1Ib7Sh9gNWmRN4uOXCE=",
        "owner": "litxio",
        "repo": "nix-cpu-arch-support",
        "rev": "360133774c1b5cd3e82e14e6503692419b9f2060",
        "type": "github"
      },
      "original": {
        "owner": "litxio",
        "repo": "nix-cpu-arch-support",
        "type": "github"
      }
    },
    "cpu-architectures": {
      "locked": {
        "lastModified": 1701517497,
        "narHash": "sha256-nFx5wC7whUnCL1FbamkOA02XM7himk2BVASI7LYStFM=",
        "owner": "litxio",
        "repo": "cpu-architectures",
        "rev": "abb7ca72e2d332e61c42896e25bb89a9be33103e",
        "type": "github"
      },
      "original": {
        "owner": "litxio",
        "repo": "cpu-architectures",
        "type": "github"
      }
    },
    "fenix": {
      "inputs": {
        "nixpkgs": [
          "nixpkgs"
        ],
        "rust-analyzer-src": "rust-analyzer-src"
      },
      "locked": {
        "lastModified": 1711779695,
        "narHash": "sha256-iGb6ptUaNBOCftKnNJiWT5z1ftngfNtwqJkD8Z9Vwfw=",
        "owner": "nix-community",
        "repo": "fenix",
        "rev": "aaeaf4574767a0f5ed1787e990139aefcf4db103",
        "type": "github"
      },
      "original": {
        "owner": "nix-community",
        "repo": "fenix",
        "type": "github"
      }
    },
    "jito-solana-src-1_16_18": {
      "flake": false,
      "locked": {
        "lastModified": 1698375118,
        "narHash": "sha256-MngzRApkgasa0/gO56M2MLfuj0E2iIQSo57ZJOz2SD8=",
        "ref": "refs/tags/v1.16.18-jito",
        "rev": "b268b490c118e7e57fd5cc80f54a2469694eb0cf",
        "revCount": 22965,
        "submodules": true,
        "type": "git",
        "url": "https://github.com/jito-foundation/jito-solana.git"
      },
      "original": {
        "ref": "refs/tags/v1.16.18-jito",
        "submodules": true,
        "type": "git",
        "url": "https://github.com/jito-foundation/jito-solana.git"
      }
    },
    "jito-solana-src-1_16_19": {
      "flake": false,
      "locked": {
        "lastModified": 1700082157,
        "narHash": "sha256-K/7TZ+n/2QgICnJlLMhutSIcwPIISSk0mnligixxJIA=",
        "ref": "refs/tags/v1.16.19-jito",
        "rev": "065d185ef322533c8125e26d67a19f3ba49ab57b",
        "revCount": 22969,
        "submodules": true,
        "type": "git",
        "url": "https://github.com/jito-foundation/jito-solana.git"
      },
      "original": {
        "ref": "refs/tags/v1.16.19-jito",
        "submodules": true,
        "type": "git",
        "url": "https://github.com/jito-foundation/jito-solana.git"
      }
    },
    "jito-solana-src-1_16_21": {
      "flake": false,
      "locked": {
        "lastModified": 1701741087,
        "narHash": "sha256-J+aRMmmVz85+oUSMQltu8MRB5I3piIN4P30jl0jCKhQ=",
        "ref": "refs/tags/v1.16.21-jito",
        "rev": "8bd8bf05d73fb821f5f485f00e027d5dfa8799b1",
        "revCount": 22978,
        "submodules": true,
        "type": "git",
        "url": "https://github.com/jito-foundation/jito-solana.git"
      },
      "original": {
        "ref": "refs/tags/v1.16.21-jito",
        "submodules": true,
        "type": "git",
        "url": "https://github.com/jito-foundation/jito-solana.git"
      }
    },
    "jito-solana-src-1_16_23": {
      "flake": false,
      "locked": {
        "lastModified": 1702345468,
        "narHash": "sha256-2hW1zEXdHGWHIbIVbq8I5CJZ/iywA3TlA2dmJfR2U+4=",
        "ref": "refs/tags/v1.16.23-jito",
        "rev": "efbdf48b1dfab704a4bf4352248fbbb6bd3e3cc6",
        "revCount": 22985,
        "submodules": true,
        "type": "git",
        "url": "https://github.com/jito-foundation/jito-solana.git"
      },
      "original": {
        "ref": "refs/tags/v1.16.23-jito",
        "submodules": true,
        "type": "git",
        "url": "https://github.com/jito-foundation/jito-solana.git"
      }
    },
    "jito-solana-src-1_16_24": {
      "flake": false,
      "locked": {
        "lastModified": 1702872337,
        "narHash": "sha256-sMkLop5sQuQCfSDht68j5ItPShKNzC5T84ngP1pX54w=",
        "ref": "refs/tags/v1.16.24-jito",
        "rev": "f8a465ec0ec9e87f580f5d29fb1cc946a8cc2c7e",
        "revCount": 22990,
        "submodules": true,
        "type": "git",
        "url": "https://github.com/jito-foundation/jito-solana.git"
      },
      "original": {
        "ref": "refs/tags/v1.16.24-jito",
        "submodules": true,
        "type": "git",
        "url": "https://github.com/jito-foundation/jito-solana.git"
      }
    },
    "jito-solana-src-1_16_25": {
      "flake": false,
      "locked": {
        "lastModified": 1704558566,
        "narHash": "sha256-UujuH3QPiOUuFj5LRVhKXyEZtrxqI2rHGndLiOpmoLA=",
        "ref": "refs/tags/v1.16.25-jito",
        "rev": "a5727c229eecdec7460a23e40e80f3dd2103510a",
        "revCount": 22997,
        "submodules": true,
        "type": "git",
        "url": "https://github.com/jito-foundation/jito-solana.git"
      },
      "original": {
        "ref": "refs/tags/v1.16.25-jito",
        "submodules": true,
        "type": "git",
        "url": "https://github.com/jito-foundation/jito-solana.git"
      }
    },
    "jito-solana-src-1_16_26": {
      "flake": false,
      "locked": {
        "lastModified": 1704497472,
        "narHash": "sha256-j26FUGIboekWWb3X3mG/VXP7AcRVaz2hYNkMQA7m4fo=",
        "ref": "refs/tags/v1.16.26-jito",
        "rev": "f5272f78bb8814d30568a30a0767508d47b55dcb",
        "revCount": 22999,
        "submodules": true,
        "type": "git",
        "url": "https://github.com/jito-foundation/jito-solana.git"
      },
      "original": {
        "ref": "refs/tags/v1.16.26-jito",
        "submodules": true,
        "type": "git",
        "url": "https://github.com/jito-foundation/jito-solana.git"
      }
    },
    "jito-solana-src-1_17_16": {
      "flake": false,
      "locked": {
        "lastModified": 1705332845,
        "narHash": "sha256-yFMXgOn1hFv/rZLGiBTGspc3SnseACg3R1QhNnw8C/I=",
        "ref": "refs/tags/v1.17.16-jito",
        "rev": "b23b2afbd0e6b70898dc2bcb234646105e2d9dd8",
        "revCount": 23887,
        "submodules": true,
        "type": "git",
        "url": "https://github.com/jito-foundation/jito-solana.git"
      },
      "original": {
        "ref": "refs/tags/v1.17.16-jito",
        "submodules": true,
        "type": "git",
        "url": "https://github.com/jito-foundation/jito-solana.git"
      }
    },
    "jito-solana-src-1_17_17": {
      "flake": false,
      "locked": {
        "lastModified": 1706033111,
        "narHash": "sha256-v4hy+jv5V5zkTGYK7V08THaPdk5ACy5Qe+TlJOdzQIo=",
        "ref": "refs/tags/v1.17.17-jito",
        "rev": "c54b73c99af90952d00947797d8ba63ec6e122c6",
        "revCount": 23896,
        "submodules": true,
        "type": "git",
        "url": "https://github.com/jito-foundation/jito-solana.git"
      },
      "original": {
        "ref": "refs/tags/v1.17.17-jito",
        "submodules": true,
        "type": "git",
        "url": "https://github.com/jito-foundation/jito-solana.git"
      }
    },
    "jito-solana-src-1_17_18": {
      "flake": false,
      "locked": {
        "lastModified": 1706561383,
        "narHash": "sha256-EVKhoKuA9OqSHJvZm5Hl3xnK5XLtyHeIedilZreUQ9A=",
        "ref": "refs/tags/v1.17.18-jito",
        "rev": "0f1337b3bce31be54b3a576e1c2d65bff3613f55",
        "revCount": 23901,
        "submodules": true,
        "type": "git",
        "url": "https://github.com/jito-foundation/jito-solana.git"
      },
      "original": {
        "ref": "refs/tags/v1.17.18-jito",
        "submodules": true,
        "type": "git",
        "url": "https://github.com/jito-foundation/jito-solana.git"
      }
    },
    "jito-solana-src-1_17_20": {
      "flake": false,
      "locked": {
        "lastModified": 1707219345,
        "narHash": "sha256-RAQ+i69sVteegSP2DanWRidfxKtf3E3bQVm/rdUc+yY=",
        "ref": "refs/tags/v1.17.20-jito",
        "rev": "b3e6035ac02b99c2d4033bae9b48ef186455d90e",
        "revCount": 23907,
        "submodules": true,
        "type": "git",
        "url": "https://github.com/jito-foundation/jito-solana.git"
      },
      "original": {
        "ref": "refs/tags/v1.17.20-jito",
        "submodules": true,
        "type": "git",
        "url": "https://github.com/jito-foundation/jito-solana.git"
      }
    },
    "jito-solana-src-1_17_22": {
      "flake": false,
      "locked": {
        "lastModified": 1707935316,
        "narHash": "sha256-/zsV2jJXQ9AxwwmKCNApbieyh0fhSxXvQMSjsrhn1tc=",
        "ref": "refs/tags/v1.17.22-jito",
        "rev": "4f430536803c5e4e81b16ce859eb493f32d1dc06",
        "revCount": 23915,
        "submodules": true,
        "type": "git",
        "url": "https://github.com/jito-foundation/jito-solana.git"
      },
      "original": {
        "ref": "refs/tags/v1.17.22-jito",
        "submodules": true,
        "type": "git",
        "url": "https://github.com/jito-foundation/jito-solana.git"
      }
    },
    "jito-solana-src-1_17_27": {
      "flake": false,
      "locked": {
        "lastModified": 1710799312,
        "narHash": "sha256-Nf3OnbdSpD/rwAiPiRwCtub0kw7PpvFTrDwDNjAGFoc=",
        "ref": "refs/tags/v1.17.27-jito",
        "rev": "b5ef9c1d99b3e562ff6eda9d63dc3cd45152d9d1",
        "revCount": 23934,
        "submodules": true,
        "type": "git",
        "url": "https://github.com/jito-foundation/jito-solana.git"
      },
      "original": {
        "ref": "refs/tags/v1.17.27-jito",
        "submodules": true,
        "type": "git",
        "url": "https://github.com/jito-foundation/jito-solana.git"
      }
    },
    "jito-solana-src-1_17_28": {
      "flake": false,
      "locked": {
        "lastModified": 1711389789,
        "narHash": "sha256-w/BDTTRUFTRpx7tKih8x5yqpYLg8efFvKPXU0DtnnbQ=",
        "ref": "refs/tags/v1.17.28-jito",
        "rev": "982127d67a47e51282d51f69a4391f08f79ca0a6",
        "revCount": 23939,
        "submodules": true,
        "type": "git",
        "url": "https://github.com/jito-foundation/jito-solana.git"
      },
      "original": {
        "ref": "refs/tags/v1.17.28-jito",
        "submodules": true,
        "type": "git",
        "url": "https://github.com/jito-foundation/jito-solana.git"
      }
    },
    "jito-solana-src-1_17_31": {
      "flake": false,
      "locked": {
        "lastModified": 1713188668,
        "narHash": "sha256-yMm2PAhW9irPQhsgtUtEnDzucxPi0FULGxjVH086RAg=",
        "ref": "refs/tags/v1.17.31-jito",
        "rev": "5e32a504e91ba0a00dde6e9161c3e46d703d7b3b",
        "revCount": 23954,
        "submodules": true,
        "type": "git",
        "url": "https://github.com/jito-foundation/jito-solana.git"
      },
      "original": {
        "ref": "refs/tags/v1.17.31-jito",
        "submodules": true,
        "type": "git",
        "url": "https://github.com/jito-foundation/jito-solana.git"
      }
    },
    "jito-solana-src-1_17_33": {
      "flake": false,
      "locked": {
        "lastModified": 1715188333,
        "narHash": "sha256-YKRoeFcd+Rg+F6XHU9EDibJqax7BiT9UT2sUycC0140=",
        "ref": "refs/tags/v1.17.33-jito",
        "rev": "ca5f4999f9935cc2b48dc615d4722dbb5c34a888",
        "revCount": 23962,
        "submodules": true,
        "type": "git",
        "url": "https://github.com/jito-foundation/jito-solana.git"
      },
      "original": {
        "ref": "refs/tags/v1.17.33-jito",
        "submodules": true,
        "type": "git",
        "url": "https://github.com/jito-foundation/jito-solana.git"
      }
    },
    "jito-solana-src-1_17_34": {
      "flake": false,
      "locked": {
        "lastModified": 1716305377,
        "narHash": "sha256-FzQMYErQSrgNIhR2+Dh6IX/K6m/+akcDXIActHgSSH4=",
        "ref": "refs/tags/v1.17.34-jito",
        "rev": "411cc6be900436316ac3a2dad762d0817a624023",
        "revCount": 23966,
        "submodules": true,
        "type": "git",
        "url": "https://github.com/jito-foundation/jito-solana.git"
      },
      "original": {
        "ref": "refs/tags/v1.17.34-jito",
        "submodules": true,
        "type": "git",
        "url": "https://github.com/jito-foundation/jito-solana.git"
      }
    },
    "jito-solana-src-1_18_15": {
      "flake": false,
      "locked": {
        "lastModified": 1717514420,
        "narHash": "sha256-rUCGCuhyX2by8ojc5ulmgTcstvsZGxzRquFJjcqaKQU=",
        "ref": "refs/tags/v1.18.15-jito",
        "rev": "7029172998782d8e97456af3c964ef9555fbf681",
        "revCount": 24720,
        "submodules": true,
        "type": "git",
        "url": "https://github.com/jito-foundation/jito-solana.git"
      },
      "original": {
        "ref": "refs/tags/v1.18.15-jito",
        "submodules": true,
        "type": "git",
        "url": "https://github.com/jito-foundation/jito-solana.git"
      }
    },
    "nixpkgs": {
      "locked": {
        "lastModified": 1711900159,
        "narHash": "sha256-essBW+2VQaYc3Dh30vYvSiwU2HDGhW+Nj2WGQoHGj/g=",
        "owner": "NixOS",
        "repo": "nixpkgs",
        "rev": "fef6f3ff44bfb3a955d3a3cc946b8443697e0cce",
        "type": "github"
      },
      "original": {
        "owner": "NixOS",
        "repo": "nixpkgs",
        "type": "github"
      }
    },
    "root": {
      "inputs": {
        "arch-support": "arch-support",
        "fenix": "fenix",
        "jito-solana-src-1_16_18": "jito-solana-src-1_16_18",
        "jito-solana-src-1_16_19": "jito-solana-src-1_16_19",
        "jito-solana-src-1_16_21": "jito-solana-src-1_16_21",
        "jito-solana-src-1_16_23": "jito-solana-src-1_16_23",
        "jito-solana-src-1_16_24": "jito-solana-src-1_16_24",
        "jito-solana-src-1_16_25": "jito-solana-src-1_16_25",
        "jito-solana-src-1_16_26": "jito-solana-src-1_16_26",
        "jito-solana-src-1_17_16": "jito-solana-src-1_17_16",
        "jito-solana-src-1_17_17": "jito-solana-src-1_17_17",
        "jito-solana-src-1_17_18": "jito-solana-src-1_17_18",
        "jito-solana-src-1_17_20": "jito-solana-src-1_17_20",
        "jito-solana-src-1_17_22": "jito-solana-src-1_17_22",
        "jito-solana-src-1_17_27": "jito-solana-src-1_17_27",
        "jito-solana-src-1_17_28": "jito-solana-src-1_17_28",
        "jito-solana-src-1_17_31": "jito-solana-src-1_17_31",
        "jito-solana-src-1_17_33": "jito-solana-src-1_17_33",
        "jito-solana-src-1_17_34": "jito-solana-src-1_17_34",
        "jito-solana-src-1_18_15": "jito-solana-src-1_18_15",
        "nixpkgs": "nixpkgs",
        "solana-src-1_16_19": "solana-src-1_16_19",
        "solana-src-1_16_21": "solana-src-1_16_21",
        "solana-src-1_16_23": "solana-src-1_16_23",
        "solana-src-1_16_24": "solana-src-1_16_24",
        "solana-src-1_16_25": "solana-src-1_16_25",
        "solana-src-1_16_26": "solana-src-1_16_26",
        "solana-src-1_16_27": "solana-src-1_16_27",
        "solana-src-1_17_16": "solana-src-1_17_16",
        "solana-src-1_17_17": "solana-src-1_17_17",
        "solana-src-1_17_18": "solana-src-1_17_18",
        "solana-src-1_17_20": "solana-src-1_17_20",
        "solana-src-1_17_22": "solana-src-1_17_22",
        "solana-src-1_17_27": "solana-src-1_17_27",
        "solana-src-1_17_28": "solana-src-1_17_28",
        "solana-src-1_17_31": "solana-src-1_17_31",
        "solana-src-1_17_33": "solana-src-1_17_33",
        "solana-src-1_17_34": "solana-src-1_17_34",
        "solana-src-1_18_15": "solana-src-1_18_15"
      }
    },
    "rust-analyzer-src": {
      "flake": false,
      "locked": {
        "lastModified": 1711731711,
        "narHash": "sha256-dyezzeSbWMpflma+E9USmvSxuLgGcNGcGw3cOnX36ko=",
        "owner": "rust-lang",
        "repo": "rust-analyzer",
        "rev": "f5a9250147f6569d8d89334dc9cca79c0322729f",
        "type": "github"
      },
      "original": {
        "owner": "rust-lang",
        "ref": "nightly",
        "repo": "rust-analyzer",
        "type": "github"
      }
    },
    "solana-src-1_16_19": {
      "flake": false,
      "locked": {
        "lastModified": 1699648957,
        "narHash": "sha256-qb6JnDVsG5kSy5Bx9pgGJkL6fJ+MqSSTHZivFDx55pk=",
        "ref": "refs/tags/v1.16.19",
        "rev": "a2847d09902be9c61f2e98106dae44159804b75b",
        "revCount": 22968,
        "type": "git",
        "url": "https://github.com/solana-labs/solana.git"
      },
      "original": {
        "ref": "refs/tags/v1.16.19",
        "type": "git",
        "url": "https://github.com/solana-labs/solana.git"
      }
    },
    "solana-src-1_16_21": {
      "flake": false,
      "locked": {
        "lastModified": 1701529561,
        "narHash": "sha256-HUvPdknlQ19Cm8R2UGkuus1vl1/vQciIihacwsNJNEc=",
        "ref": "refs/tags/v1.16.21",
        "rev": "7fa077199f8f68d71197175b4394e65234e0d818",
        "revCount": 22977,
        "type": "git",
        "url": "https://github.com/solana-labs/solana.git"
      },
      "original": {
        "ref": "refs/tags/v1.16.21",
        "type": "git",
        "url": "https://github.com/solana-labs/solana.git"
      }
    },
    "solana-src-1_16_23": {
      "flake": false,
      "locked": {
        "lastModified": 1702140838,
        "narHash": "sha256-6xRoJMQYTOhAw09rA8jkBiwq5Ry9mpdVplFHaFExrNg=",
        "ref": "refs/tags/v1.16.23",
        "rev": "85e3058b0b0ee09131b622deccb450db81dc5f49",
        "revCount": 22982,
        "type": "git",
        "url": "https://github.com/solana-labs/solana.git"
      },
      "original": {
        "ref": "refs/tags/v1.16.23",
        "type": "git",
        "url": "https://github.com/solana-labs/solana.git"
      }
    },
    "solana-src-1_16_24": {
      "flake": false,
      "locked": {
        "lastModified": 1702603484,
        "narHash": "sha256-03HYPrnC3bF1V7XAqtKJIosM0MiZkg83BHQR5xZYUaI=",
        "ref": "refs/tags/v1.16.24",
        "rev": "56b6c682c9dfe5726ed444c0d169daf3790f32a4",
        "revCount": 22989,
        "type": "git",
        "url": "https://github.com/solana-labs/solana.git"
      },
      "original": {
        "ref": "refs/tags/v1.16.24",
        "type": "git",
        "url": "https://github.com/solana-labs/solana.git"
      }
    },
    "solana-src-1_16_25": {
      "flake": false,
      "locked": {
        "lastModified": 1703198810,
        "narHash": "sha256-g6GcDjCvTu496RPYL2IV/LCQ26tRzLU5sef3UBI8eIo=",
        "ref": "refs/tags/v1.16.25",
        "rev": "8dd7d060a83a4310c14d9b931d4409fc1ad27117",
        "revCount": 22995,
        "type": "git",
        "url": "https://github.com/solana-labs/solana.git"
      },
      "original": {
        "ref": "refs/tags/v1.16.25",
        "type": "git",
        "url": "https://github.com/solana-labs/solana.git"
      }
    },
    "solana-src-1_16_26": {
      "flake": false,
      "locked": {
        "lastModified": 1704486290,
        "narHash": "sha256-0OMZO2aKoaeRCkswXDXV9Y6HnYLzpkqqFPVIW2P5TwE=",
        "ref": "refs/tags/v1.16.26",
        "rev": "835183af3a2cc10265dfb382cb4b42ed81503f4a",
        "revCount": 22998,
        "type": "git",
        "url": "https://github.com/solana-labs/solana.git"
      },
      "original": {
        "ref": "refs/tags/v1.16.26",
        "type": "git",
        "url": "https://github.com/solana-labs/solana.git"
      }
    },
    "solana-src-1_16_27": {
      "flake": false,
      "locked": {
        "lastModified": 1704909624,
        "narHash": "sha256-xd0FCSlpPJDVWOlt9rIlnSbjksmvlXJWHkvlZONd2dM=",
        "ref": "refs/tags/v1.16.27",
        "rev": "eb1dc08da306a6bda3ada121a9e95f2d5297c863",
        "revCount": 23000,
        "type": "git",
        "url": "https://github.com/solana-labs/solana.git"
      },
      "original": {
        "ref": "refs/tags/v1.16.27",
        "type": "git",
        "url": "https://github.com/solana-labs/solana.git"
      }
    },
    "solana-src-1_17_16": {
      "flake": false,
      "locked": {
        "lastModified": 1705069685,
        "narHash": "sha256-v0hAsVUbJ/BMNTn4T4kBdnDdCAGCFYdUGFIORefbuUc=",
        "ref": "refs/tags/v1.17.16",
        "rev": "0aea75aaf57ef143e382d7c555daf5c1774835d3",
        "revCount": 23886,
        "type": "git",
        "url": "https://github.com/solana-labs/solana.git"
      },
      "original": {
        "ref": "refs/tags/v1.17.16",
        "type": "git",
        "url": "https://github.com/solana-labs/solana.git"
      }
    },
    "solana-src-1_17_17": {
      "flake": false,
      "locked": {
        "lastModified": 1705725975,
        "narHash": "sha256-pugrhSV0mpT6rO3ZniIs+vMSRRTKhanAT077grRdnvc=",
        "ref": "refs/tags/v1.17.17",
        "rev": "27a438007568eae350ea83432727f347d1aaecdc",
        "revCount": 23894,
        "type": "git",
        "url": "https://github.com/solana-labs/solana.git"
      },
      "original": {
        "ref": "refs/tags/v1.17.17",
        "type": "git",
        "url": "https://github.com/solana-labs/solana.git"
      }
    },
    "solana-src-1_17_18": {
      "flake": false,
      "locked": {
        "lastModified": 1706133167,
        "narHash": "sha256-8ij2aVyzC5j+2rC4XRbKRSAkiQAQ10h2nEkKaXZan/k=",
        "ref": "refs/tags/v1.17.18",
        "rev": "dd28fd52a61c96601b0ede68328d9a9a0be2374f",
        "revCount": 23900,
        "type": "git",
        "url": "https://github.com/solana-labs/solana.git"
      },
      "original": {
        "ref": "refs/tags/v1.17.18",
        "type": "git",
        "url": "https://github.com/solana-labs/solana.git"
      }
    },
    "solana-src-1_17_20": {
      "flake": false,
      "locked": {
        "lastModified": 1707219321,
        "narHash": "sha256-2fSiAl9GqVhWSHgY9i08NLbUJJWtnHs4COEwIDin2p0=",
        "ref": "refs/tags/v1.17.20",
        "rev": "09e0300b0624098ad35dfa284a37abc20c07b6a9",
        "revCount": 23906,
        "type": "git",
        "url": "https://github.com/solana-labs/solana.git"
      },
      "original": {
        "ref": "refs/tags/v1.17.20",
        "type": "git",
        "url": "https://github.com/solana-labs/solana.git"
      }
    },
    "solana-src-1_17_22": {
      "flake": false,
      "locked": {
        "lastModified": 1707797752,
        "narHash": "sha256-udLUFrAY8nyilKIbhiPPYweQyohGLlr0ecd6Gd+DZw0=",
        "ref": "refs/tags/v1.17.22",
        "rev": "dbf06e258ae418097049e845035d7d5502fe1327",
        "revCount": 23914,
        "type": "git",
        "url": "https://github.com/solana-labs/solana.git"
      },
      "original": {
        "ref": "refs/tags/v1.17.22",
        "type": "git",
        "url": "https://github.com/solana-labs/solana.git"
      }
    },
    "solana-src-1_17_27": {
      "flake": false,
      "locked": {
        "lastModified": 1710735072,
        "narHash": "sha256-pl+Y/S3ryFAYFsfo/LLZOb9Rv7JcS20/Br03FqH15G4=",
        "ref": "refs/tags/v1.17.27",
        "rev": "d01380987f121b169e85d8aa2cffde95df69bfff",
        "revCount": 23930,
        "type": "git",
        "url": "https://github.com/solana-labs/solana.git"
      },
      "original": {
        "ref": "refs/tags/v1.17.27",
        "type": "git",
        "url": "https://github.com/solana-labs/solana.git"
      }
    },
    "solana-src-1_17_28": {
      "flake": false,
      "locked": {
        "lastModified": 1711167106,
        "narHash": "sha256-y79zsUfYsX377ofsFSg9a2il99uJsA+qdCu3J+EU5nQ=",
        "ref": "refs/tags/v1.17.28",
        "rev": "a67767a03c394c9c0211b3167d7ddd4fb6e459f5",
        "revCount": 23935,
        "type": "git",
        "url": "https://github.com/solana-labs/solana.git"
      },
      "original": {
        "ref": "refs/tags/v1.17.28",
        "type": "git",
        "url": "https://github.com/solana-labs/solana.git"
      }
    },
    "solana-src-1_17_31": {
      "flake": false,
      "locked": {
        "lastModified": 1712878303,
        "narHash": "sha256-5qPW199o+CVJlqGwiAegsquBRWEb5uDKITxjN5dQYAQ=",
        "ref": "refs/tags/v1.17.31",
        "rev": "d0b1f2c7c0ac90543ed6935f65b7cfc4673f74da",
        "revCount": 23949,
        "type": "git",
        "url": "https://github.com/solana-labs/solana.git"
      },
      "original": {
        "ref": "refs/tags/v1.17.31",
        "type": "git",
        "url": "https://github.com/solana-labs/solana.git"
      }
    },
    "solana-src-1_17_33": {
      "flake": false,
      "locked": {
        "lastModified": 1715102507,
        "narHash": "sha256-NTARgJrSnqtW0PlsSAWaNIt2+cTlSVQoT/63aCeWFEc=",
        "ref": "refs/tags/v1.17.33",
        "rev": "7a02ef7139538f4079f065ce19531b9a5d4acfaa",
        "revCount": 23961,
        "type": "git",
        "url": "https://github.com/solana-labs/solana.git"
      },
      "original": {
        "ref": "refs/tags/v1.17.33",
        "type": "git",
        "url": "https://github.com/solana-labs/solana.git"
      }
    },
    "solana-src-1_17_34": {
      "flake": false,
      "locked": {
        "lastModified": 1716010346,
        "narHash": "sha256-km6L2GVIvqBUrvqPZo7llFCJqamBHxH8g0Bq+4CXKoM=",
        "ref": "refs/tags/v1.17.34",
        "rev": "b04a806c8db30db06e121c053e76ee399a47a63b",
        "revCount": 23965,
        "type": "git",
        "url": "https://github.com/solana-labs/solana.git"
      },
      "original": {
        "ref": "refs/tags/v1.17.34",
        "type": "git",
        "url": "https://github.com/solana-labs/solana.git"
      }
    },
    "solana-src-1_18_15": {
      "flake": false,
      "locked": {
        "lastModified": 1717127358,
        "narHash": "sha256-szlHjymX06pNBYPlVHeGsJgty+pGitsLy9XpbLcyOGs=",
        "ref": "refs/tags/v1.18.15",
        "rev": "767d24e5c10123c079e656cdcf9aeb8a5dae17db",
        "revCount": 24719,
        "type": "git",
        "url": "https://github.com/solana-labs/solana.git"
      },
      "original": {
        "ref": "refs/tags/v1.18.15",
        "type": "git",
        "url": "https://github.com/solana-labs/solana.git"
      }
    }
  },
  "root": "root",
  "version": 7
}
