{
  "nodes": {
    "fenix": {
      "inputs": {
        "nixpkgs": [
          "nixpkgs"
        ],
        "rust-analyzer-src": "rust-analyzer-src"
      },
      "locked": {
        "lastModified": 1699942952,
        "narHash": "sha256-ll8hFcTDhCvCfaKJwe7F3Ohh8YYHHSAtQTO0K7FBHgk=",
        "owner": "nix-community",
        "repo": "fenix",
        "rev": "1b820065cefcdbe5af6829eb7d3d1b20e98ec960",
        "type": "github"
      },
      "original": {
        "owner": "nix-community",
        "repo": "fenix",
        "type": "github"
      }
    },
    "jito-solana-src-1_16_18": {
      "flake": false,
      "locked": {
        "lastModified": 1698375118,
        "narHash": "sha256-0GODsRRMuugmzJCtAWbFm289q0WtWRrKMuYOp4hW4CE=",
        "ref": "refs/tags/v1.16.18-jito",
        "rev": "b268b490c118e7e57fd5cc80f54a2469694eb0cf",
        "revCount": 22965,
        "submodules": true,
        "type": "git",
        "url": "https://github.com/jito-foundation/jito-solana.git"
      },
      "original": {
        "ref": "refs/tags/v1.16.18-jito",
        "submodules": true,
        "type": "git",
        "url": "https://github.com/jito-foundation/jito-solana.git"
      }
    },
    "jito-solana-src-1_16_19": {
      "flake": false,
      "locked": {
        "lastModified": 1700082157,
        "narHash": "sha256-5ZYy+pdpqivvsDaWwPw4HqBSdo4/LM9+Fr5gZxhqNmA=",
        "ref": "refs/tags/v1.16.19-jito",
        "rev": "065d185ef322533c8125e26d67a19f3ba49ab57b",
        "revCount": 22969,
        "submodules": true,
        "type": "git",
        "url": "https://github.com/jito-foundation/jito-solana.git"
      },
      "original": {
        "ref": "refs/tags/v1.16.19-jito",
        "submodules": true,
        "type": "git",
        "url": "https://github.com/jito-foundation/jito-solana.git"
      }
    },
    "nixpkgs": {
      "locked": {
        "lastModified": 1700011365,
        "narHash": "sha256-U3FN+GAIRobLwpyo3MD4slA90myhYevo/vEOpjDLvbQ=",
        "owner": "NixOS",
        "repo": "nixpkgs",
        "rev": "4e904232543c886393d510c48b829143878725f5",
        "type": "github"
      },
      "original": {
        "owner": "NixOS",
        "repo": "nixpkgs",
        "type": "github"
      }
    },
    "root": {
      "inputs": {
        "fenix": "fenix",
        "jito-solana-src-1_16_18": "jito-solana-src-1_16_18",
        "jito-solana-src-1_16_19": "jito-solana-src-1_16_19",
        "nixpkgs": "nixpkgs",
        "solana-src-1_16_19": "solana-src-1_16_19"
      }
    },
    "rust-analyzer-src": {
      "flake": false,
      "locked": {
        "lastModified": 1699808862,
        "narHash": "sha256-gjMqmlCvLVlptL35HHvALrOKrFyxjg5hryXbbpVyoeY=",
        "owner": "rust-lang",
        "repo": "rust-analyzer",
        "rev": "416e9c856a792ce2214c449677ca0a1f38965248",
        "type": "github"
      },
      "original": {
        "owner": "rust-lang",
        "ref": "nightly",
        "repo": "rust-analyzer",
        "type": "github"
      }
    },
    "solana-src-1_16_19": {
      "flake": false,
      "locked": {
        "lastModified": 1699648957,
        "narHash": "sha256-qb6JnDVsG5kSy5Bx9pgGJkL6fJ+MqSSTHZivFDx55pk=",
        "ref": "refs/tags/v1.16.19",
        "rev": "a2847d09902be9c61f2e98106dae44159804b75b",
        "revCount": 22968,
        "type": "git",
        "url": "https://github.com/solana-labs/solana.git"
      },
      "original": {
        "ref": "refs/tags/v1.16.19",
        "type": "git",
        "url": "https://github.com/solana-labs/solana.git"
      }
    }
  },
  "root": "root",
  "version": 7
}
